
Microsoft Visual Studio Solution File, Format Version 12.00
# Visual Studio Version 17
VisualStudioVersion = 17.3.32804.467
MinimumVisualStudioVersion = 10.0.40219.1
Project("{9A19103F-16F7-4668-BE54-9A1E7A4F7556}") = "Ejercicio01", "Ejercicio01\Ejercicio01.csproj", "{DDCCE5E5-0DA9-443F-BCD5-152ED20C6FAE}"
EndProject
Project("{9A19103F-16F7-4668-BE54-9A1E7A4F7556}") = "Ejercicio02", "Ejercicio02\Ejercicio02.csproj", "{8B8A30A3-D664-4083-8B7E-E0978091C48F}"
EndProject
Project("{9A19103F-16F7-4668-BE54-9A1E7A4F7556}") = "Ejercicio03", "Ejercicio03\Ejercicio03.csproj", "{D7AAE832-B22A-4C0B-BF8C-918A0C96617F}"
EndProject
Project("{9A19103F-16F7-4668-BE54-9A1E7A4F7556}") = "Ejercicio04", "Ejercicio04\Ejercicio04.csproj", "{932C767D-82F4-4BBA-91D3-44374D019240}"
EndProject
Project("{FAE04EC0-301F-11D3-BF4B-00C04F79EFBC}") = "Ejercicio05", "Ejercicio05\Ejercicio05.csproj", "{77591333-F265-481C-828D-AF4ABA967FAC}"
EndProject
Global
	GlobalSection(SolutionConfigurationPlatforms) = preSolution
		Debug|Any CPU = Debug|Any CPU
		Release|Any CPU = Release|Any CPU
	EndGlobalSection
	GlobalSection(ProjectConfigurationPlatforms) = postSolution
		{DDCCE5E5-0DA9-443F-BCD5-152ED20C6FAE}.Debug|Any CPU.ActiveCfg = Debug|Any CPU
		{DDCCE5E5-0DA9-443F-BCD5-152ED20C6FAE}.Debug|Any CPU.Build.0 = Debug|Any CPU
		{DDCCE5E5-0DA9-443F-BCD5-152ED20C6FAE}.Release|Any CPU.ActiveCfg = Release|Any CPU
		{DDCCE5E5-0DA9-443F-BCD5-152ED20C6FAE}.Release|Any CPU.Build.0 = Release|Any CPU
		{8B8A30A3-D664-4083-8B7E-E0978091C48F}.Debug|Any CPU.ActiveCfg = Debug|Any CPU
		{8B8A30A3-D664-4083-8B7E-E0978091C48F}.Debug|Any CPU.Build.0 = Debug|Any CPU
		{8B8A30A3-D664-4083-8B7E-E0978091C48F}.Release|Any CPU.ActiveCfg = Release|Any CPU
		{8B8A30A3-D664-4083-8B7E-E0978091C48F}.Release|Any CPU.Build.0 = Release|Any CPU
		{D7AAE832-B22A-4C0B-BF8C-918A0C96617F}.Debug|Any CPU.ActiveCfg = Debug|Any CPU
		{D7AAE832-B22A-4C0B-BF8C-918A0C96617F}.Debug|Any CPU.Build.0 = Debug|Any CPU
		{D7AAE832-B22A-4C0B-BF8C-918A0C96617F}.Release|Any CPU.ActiveCfg = Release|Any CPU
		{D7AAE832-B22A-4C0B-BF8C-918A0C96617F}.Release|Any CPU.Build.0 = Release|Any CPU
		{932C767D-82F4-4BBA-91D3-44374D019240}.Debug|Any CPU.ActiveCfg = Debug|Any CPU
		{932C767D-82F4-4BBA-91D3-44374D019240}.Debug|Any CPU.Build.0 = Debug|Any CPU
		{932C767D-82F4-4BBA-91D3-44374D019240}.Release|Any CPU.ActiveCfg = Release|Any CPU
		{932C767D-82F4-4BBA-91D3-44374D019240}.Release|Any CPU.Build.0 = Release|Any CPU
		{77591333-F265-481C-828D-AF4ABA967FAC}.Debug|Any CPU.ActiveCfg = Debug|Any CPU
		{77591333-F265-481C-828D-AF4ABA967FAC}.Debug|Any CPU.Build.0 = Debug|Any CPU
		{77591333-F265-481C-828D-AF4ABA967FAC}.Release|Any CPU.ActiveCfg = Release|Any CPU
		{77591333-F265-481C-828D-AF4ABA967FAC}.Release|Any CPU.Build.0 = Release|Any CPU
	EndGlobalSection
	GlobalSection(SolutionProperties) = preSolution
		HideSolutionNode = FALSE
	EndGlobalSection
	GlobalSection(ExtensibilityGlobals) = postSolution
		SolutionGuid = {FE16442F-4F84-440E-A30C-29421520A0FE}
	EndGlobalSection
EndGlobal
